PODS:
  - Capacitor (7.4.4):
    - CapacitorCordova
  - CapacitorCamera (7.0.2):
    - Capacitor
  - CapacitorCordova (7.4.4)
  - CapacitorGeolocation (7.1.6):
    - Capacitor
    - IONGeolocationLib (= 1.0.1)
  - IONGeolocationLib (1.0.1)
  - PurchasesHybridCommon (17.21.0):
    - RevenueCat (= 5.49.0)
  - RevenueCat (5.49.0)
  - RevenuecatPurchasesCapacitor (11.2.16):
    - Capacitor
    - PurchasesHybridCommon (= 17.21.0)

DEPENDENCIES:
  - "Capacitor (from `../../node_modules/@capacitor/ios`)"
  - "CapacitorCamera (from `../../node_modules/@capacitor/camera`)"
  - "CapacitorCordova (from `../../node_modules/@capacitor/ios`)"
  - "CapacitorGeolocation (from `../../node_modules/@capacitor/geolocation`)"
  - "RevenuecatPurchasesCapacitor (from `../../node_modules/@revenuecat/purchases-capacitor`)"

SPEC REPOS:
  trunk:
    - IONGeolocationLib
    - PurchasesHybridCommon
    - RevenueCat

EXTERNAL SOURCES:
  Capacitor:
    :path: "../../node_modules/@capacitor/ios"
  CapacitorCamera:
    :path: "../../node_modules/@capacitor/camera"
  CapacitorCordova:
    :path: "../../node_modules/@capacitor/ios"
  CapacitorGeolocation:
    :path: "../../node_modules/@capacitor/geolocation"
  RevenuecatPurchasesCapacitor:
    :path: "../../node_modules/@revenuecat/purchases-capacitor"

SPEC CHECKSUMS:
  Capacitor: 09d9ff8e9618e8c4b3cab2bbee34a17215dd2fef
  CapacitorCamera: 6e18d54c8ab30d7dc7b8cd93d96f9b4f57e9202a
  CapacitorCordova: bf648a636f3c153f652d312ae145fb508b6ffced
  CapacitorGeolocation: 0f143aec09027ee55ff5b0aa2e9e7fe9a180f01b
  IONGeolocationLib: 20f9d0248a0b5264511fb57a37e25dd2badf797a
  PurchasesHybridCommon: 988d080cd69d7aa0895e52f993dae53b45a0e929
  RevenueCat: fa9ad7e1c8817deddb737646946b6b3d8b25f54b
  RevenuecatPurchasesCapacitor: b6b2edc502f419a22facde96874a9ff0000bf15e

PODFILE CHECKSUM: b348dce4a27b136db72264e987a4c959333c710d

COCOAPODS: 1.16.2
